
Microsoft Visual Studio Solution File, Format Version 12.00
# Visual Studio Version 17
VisualStudioVersion = 17.14.36301.6 d17.14
MinimumVisualStudioVersion = 10.0.40219.1
Project("{FAE04EC0-301F-11D3-BF4B-00C04F79EFBC}") = "SessionOOP04", "SessionOOP04.csproj", "{7A30AAD7-C3AA-4166-AEA2-ABC344460640}"
EndProject
Global
	GlobalSection(SolutionConfigurationPlatforms) = preSolution
		Debug|Any CPU = Debug|Any CPU
		Release|Any CPU = Release|Any CPU
	EndGlobalSection
	GlobalSection(ProjectConfigurationPlatforms) = postSolution
		{7A30AAD7-C3AA-4166-AEA2-ABC344460640}.Debug|Any CPU.ActiveCfg = Debug|Any CPU
		{7A30AAD7-C3AA-4166-AEA2-ABC344460640}.Debug|Any CPU.Build.0 = Debug|Any CPU
		{7A30AAD7-C3AA-4166-AEA2-ABC344460640}.Release|Any CPU.ActiveCfg = Release|Any CPU
		{7A30AAD7-C3AA-4166-AEA2-ABC344460640}.Release|Any CPU.Build.0 = Release|Any CPU
	EndGlobalSection
	GlobalSection(SolutionProperties) = preSolution
		HideSolutionNode = FALSE
	EndGlobalSection
	GlobalSection(ExtensibilityGlobals) = postSolution
		SolutionGuid = {4BFD8989-E25A-4A0A-9F73-393DBEB2CC75}
	EndGlobalSection
EndGlobal
